PODS:
  - IQKeyboardManager (6.5.12)
  - Realm (10.41.1):
    - Realm/Headers (= 10.41.1)
  - Realm/Headers (10.41.1)
  - RealmSwift (10.41.1):
    - Realm (= 10.41.1)

DEPENDENCIES:
  - IQKeyboardManager
  - RealmSwift (~> 10)

SPEC REPOS:
  trunk:
    - IQKeyboardManager
    - Realm
    - RealmSwift

SPEC CHECKSUMS:
  IQKeyboardManager: b1fd66ccf7a79095bdcc4a2735231586f744216e
  Realm: 0cb0b0b24f9303543a1f0dc17de8dec2d5bbf3f0
  RealmSwift: 00627521cd456626f4cb2f7a7b18e1b07f2812a9

PODFILE CHECKSUM: 3d6eef3d1f8cc03ad6c6abc923d4d34f987d953b

COCOAPODS: 1.12.1
