// !$*UTF8*$!
{
	archiveVersion = 1;
	classes = {
	};
	objectVersion = 56;
	objects = {

/* Begin PBXBuildFile section */
		3C1589B52A3454520026470F /* AppDelegate.swift in Sources */ = {isa = PBXBuildFile; fileRef = 3C1589B42A3454520026470F /* AppDelegate.swift */; };
		3C1589B72A3454520026470F /* SceneDelegate.swift in Sources */ = {isa = PBXBuildFile; fileRef = 3C1589B62A3454520026470F /* SceneDelegate.swift */; };
		3C1589BE2A3454540026470F /* Assets.xcassets in Resources */ = {isa = PBXBuildFile; fileRef = 3C1589BD2A3454540026470F /* Assets.xcassets */; };
		3C1589C12A3454540026470F /* LaunchScreen.storyboard in Resources */ = {isa = PBXBuildFile; fileRef = 3C1589BF2A3454540026470F /* LaunchScreen.storyboard */; };
		3C279BB32A599E0C00044E7B /* MealsViewController.swift in Sources */ = {isa = PBXBuildFile; fileRef = 3C279BB22A599E0C00044E7B /* MealsViewController.swift */; };
		3C279BB52A599E2400044E7B /* Meals.storyboard in Resources */ = {isa = PBXBuildFile; fileRef = 3C279BB42A599E2400044E7B /* Meals.storyboard */; };
		3C3F02312A5AAEBE00E61D82 /* ShowPFCView.swift in Sources */ = {isa = PBXBuildFile; fileRef = 3C3F02302A5AAEBE00E61D82 /* ShowPFCView.swift */; };
		3C3F02332A5AAECE00E61D82 /* ShowPFCView.xib in Resources */ = {isa = PBXBuildFile; fileRef = 3C3F02322A5AAECE00E61D82 /* ShowPFCView.xib */; };
		3C3F02362A5AE78700E61D82 /* MealTableViewCell.swift in Sources */ = {isa = PBXBuildFile; fileRef = 3C3F02342A5AE78700E61D82 /* MealTableViewCell.swift */; };
		3C3F02372A5AE78700E61D82 /* MealTableViewCell.xib in Resources */ = {isa = PBXBuildFile; fileRef = 3C3F02352A5AE78700E61D82 /* MealTableViewCell.xib */; };
		3C9CB8832A5BE7AC002E7811 /* MealModel.swift in Sources */ = {isa = PBXBuildFile; fileRef = 3C9CB8822A5BE7AB002E7811 /* MealModel.swift */; };
		3C9CB8852A5BF0E5002E7811 /* UITextField+.swift in Sources */ = {isa = PBXBuildFile; fileRef = 3C9CB8842A5BF0E5002E7811 /* UITextField+.swift */; };
		3CA235D42A3C948A00B0687E /* AddMeal.storyboard in Resources */ = {isa = PBXBuildFile; fileRef = 3CA235D32A3C948A00B0687E /* AddMeal.storyboard */; };
		3CA348B12A59A58A00913208 /* AddMealViewController.swift in Sources */ = {isa = PBXBuildFile; fileRef = 3CA348B02A59A58A00913208 /* AddMealViewController.swift */; };
		3CA348BB2A5A7F3400913208 /* Router.swift in Sources */ = {isa = PBXBuildFile; fileRef = 3CA348BA2A5A7F3400913208 /* Router.swift */; };
		D2BA172153693DCC505638B2 /* Pods_SimplePFC.framework in Frameworks */ = {isa = PBXBuildFile; fileRef = FD3AE470E63989C0335DF7D7 /* Pods_SimplePFC.framework */; };
/* End PBXBuildFile section */

/* Begin PBXFileReference section */
		3B7D46351AC84CF481BAE034 /* Pods-SimplePFC.debug.xcconfig */ = {isa = PBXFileReference; includeInIndex = 1; lastKnownFileType = text.xcconfig; name = "Pods-SimplePFC.debug.xcconfig"; path = "Target Support Files/Pods-SimplePFC/Pods-SimplePFC.debug.xcconfig"; sourceTree = "<group>"; };
		3C1589B12A3454520026470F /* SimplePFC.app */ = {isa = PBXFileReference; explicitFileType = wrapper.application; includeInIndex = 0; path = SimplePFC.app; sourceTree = BUILT_PRODUCTS_DIR; };
		3C1589B42A3454520026470F /* AppDelegate.swift */ = {isa = PBXFileReference; lastKnownFileType = sourcecode.swift; path = AppDelegate.swift; sourceTree = "<group>"; };
		3C1589B62A3454520026470F /* SceneDelegate.swift */ = {isa = PBXFileReference; lastKnownFileType = sourcecode.swift; path = SceneDelegate.swift; sourceTree = "<group>"; };
		3C1589BD2A3454540026470F /* Assets.xcassets */ = {isa = PBXFileReference; lastKnownFileType = folder.assetcatalog; path = Assets.xcassets; sourceTree = "<group>"; };
		3C1589C02A3454540026470F /* Base */ = {isa = PBXFileReference; lastKnownFileType = file.storyboard; name = Base; path = Base.lproj/LaunchScreen.storyboard; sourceTree = "<group>"; };
		3C1589C22A3454540026470F /* Info.plist */ = {isa = PBXFileReference; lastKnownFileType = text.plist.xml; path = Info.plist; sourceTree = "<group>"; };
		3C279BB22A599E0C00044E7B /* MealsViewController.swift */ = {isa = PBXFileReference; lastKnownFileType = sourcecode.swift; path = MealsViewController.swift; sourceTree = "<group>"; };
		3C279BB42A599E2400044E7B /* Meals.storyboard */ = {isa = PBXFileReference; lastKnownFileType = file.storyboard; path = Meals.storyboard; sourceTree = "<group>"; };
		3C3F02302A5AAEBE00E61D82 /* ShowPFCView.swift */ = {isa = PBXFileReference; lastKnownFileType = sourcecode.swift; path = ShowPFCView.swift; sourceTree = "<group>"; };
		3C3F02322A5AAECE00E61D82 /* ShowPFCView.xib */ = {isa = PBXFileReference; lastKnownFileType = file.xib; path = ShowPFCView.xib; sourceTree = "<group>"; };
		3C3F02342A5AE78700E61D82 /* MealTableViewCell.swift */ = {isa = PBXFileReference; lastKnownFileType = sourcecode.swift; path = MealTableViewCell.swift; sourceTree = "<group>"; };
		3C3F02352A5AE78700E61D82 /* MealTableViewCell.xib */ = {isa = PBXFileReference; lastKnownFileType = file.xib; path = MealTableViewCell.xib; sourceTree = "<group>"; };
		3C9CB8822A5BE7AB002E7811 /* MealModel.swift */ = {isa = PBXFileReference; lastKnownFileType = sourcecode.swift; path = MealModel.swift; sourceTree = "<group>"; };
		3C9CB8842A5BF0E5002E7811 /* UITextField+.swift */ = {isa = PBXFileReference; lastKnownFileType = sourcecode.swift; path = "UITextField+.swift"; sourceTree = "<group>"; };
		3CA235D32A3C948A00B0687E /* AddMeal.storyboard */ = {isa = PBXFileReference; lastKnownFileType = file.storyboard; path = AddMeal.storyboard; sourceTree = "<group>"; };
		3CA348B02A59A58A00913208 /* AddMealViewController.swift */ = {isa = PBXFileReference; lastKnownFileType = sourcecode.swift; path = AddMealViewController.swift; sourceTree = "<group>"; };
		3CA348BA2A5A7F3400913208 /* Router.swift */ = {isa = PBXFileReference; lastKnownFileType = sourcecode.swift; path = Router.swift; sourceTree = "<group>"; };
		F2A974022B0986942692DE3D /* Pods-SimplePFC.release.xcconfig */ = {isa = PBXFileReference; includeInIndex = 1; lastKnownFileType = text.xcconfig; name = "Pods-SimplePFC.release.xcconfig"; path = "Target Support Files/Pods-SimplePFC/Pods-SimplePFC.release.xcconfig"; sourceTree = "<group>"; };
		FD3AE470E63989C0335DF7D7 /* Pods_SimplePFC.framework */ = {isa = PBXFileReference; explicitFileType = wrapper.framework; includeInIndex = 0; path = Pods_SimplePFC.framework; sourceTree = BUILT_PRODUCTS_DIR; };
/* End PBXFileReference section */

/* Begin PBXFrameworksBuildPhase section */
		3C1589AE2A3454520026470F /* Frameworks */ = {
			isa = PBXFrameworksBuildPhase;
			buildActionMask = 2147483647;
			files = (
				D2BA172153693DCC505638B2 /* Pods_SimplePFC.framework in Frameworks */,
			);
			runOnlyForDeploymentPostprocessing = 0;
		};
/* End PBXFrameworksBuildPhase section */

/* Begin PBXGroup section */
		3C1589A82A3454520026470F = {
			isa = PBXGroup;
			children = (
				3C1589B32A3454520026470F /* SimplePFC */,
				3C1589B22A3454520026470F /* Products */,
				7D758A4A3906C04AD7997DF7 /* Pods */,
				608B357D131202E83582C56C /* Frameworks */,
			);
			sourceTree = "<group>";
		};
		3C1589B22A3454520026470F /* Products */ = {
			isa = PBXGroup;
			children = (
				3C1589B12A3454520026470F /* SimplePFC.app */,
			);
			name = Products;
			sourceTree = "<group>";
		};
		3C1589B32A3454520026470F /* SimplePFC */ = {
			isa = PBXGroup;
			children = (
				3C1589B42A3454520026470F /* AppDelegate.swift */,
				3C1589B62A3454520026470F /* SceneDelegate.swift */,
				3CA348B92A5A7F2200913208 /* Utility */,
				3CA348B42A5A78DC00913208 /* Model */,
				3CA348B22A5A786900913208 /* View */,
				3CA348B32A5A787600913208 /* Controller */,
				3C1589BD2A3454540026470F /* Assets.xcassets */,
				3C1589BF2A3454540026470F /* LaunchScreen.storyboard */,
				3C1589C22A3454540026470F /* Info.plist */,
			);
			path = SimplePFC;
			sourceTree = "<group>";
		};
		3C279BB12A599DC800044E7B /* Meals */ = {
			isa = PBXGroup;
			children = (
				3C279BB22A599E0C00044E7B /* MealsViewController.swift */,
				3C279BB42A599E2400044E7B /* Meals.storyboard */,
			);
			path = Meals;
			sourceTree = "<group>";
		};
		3C3F022C2A5A98F300E61D82 /* PFCView */ = {
			isa = PBXGroup;
			children = (
				3C3F02302A5AAEBE00E61D82 /* ShowPFCView.swift */,
				3C3F02322A5AAECE00E61D82 /* ShowPFCView.xib */,
			);
			path = PFCView;
			sourceTree = "<group>";
		};
		3C3F022D2A5A990100E61D82 /* MealCell */ = {
			isa = PBXGroup;
			children = (
				3C3F02342A5AE78700E61D82 /* MealTableViewCell.swift */,
				3C3F02352A5AE78700E61D82 /* MealTableViewCell.xib */,
			);
			path = MealCell;
			sourceTree = "<group>";
		};
		3CA348AF2A59A57100913208 /* AddMeal */ = {
			isa = PBXGroup;
			children = (
				3CA348B02A59A58A00913208 /* AddMealViewController.swift */,
				3CA235D32A3C948A00B0687E /* AddMeal.storyboard */,
			);
			path = AddMeal;
			sourceTree = "<group>";
		};
		3CA348B22A5A786900913208 /* View */ = {
			isa = PBXGroup;
			children = (
				3C3F022C2A5A98F300E61D82 /* PFCView */,
				3C3F022D2A5A990100E61D82 /* MealCell */,
			);
			path = View;
			sourceTree = "<group>";
		};
		3CA348B32A5A787600913208 /* Controller */ = {
			isa = PBXGroup;
			children = (
				3C279BB12A599DC800044E7B /* Meals */,
				3CA348AF2A59A57100913208 /* AddMeal */,
			);
			path = Controller;
			sourceTree = "<group>";
		};
		3CA348B42A5A78DC00913208 /* Model */ = {
			isa = PBXGroup;
			children = (
				3C9CB8822A5BE7AB002E7811 /* MealModel.swift */,
			);
			path = Model;
			sourceTree = "<group>";
		};
		3CA348B92A5A7F2200913208 /* Utility */ = {
			isa = PBXGroup;
			children = (
				3CA348BA2A5A7F3400913208 /* Router.swift */,
				3C9CB8842A5BF0E5002E7811 /* UITextField+.swift */,
			);
			path = Utility;
			sourceTree = "<group>";
		};
		608B357D131202E83582C56C /* Frameworks */ = {
			isa = PBXGroup;
			children = (
				FD3AE470E63989C0335DF7D7 /* Pods_SimplePFC.framework */,
			);
			name = Frameworks;
			sourceTree = "<group>";
		};
		7D758A4A3906C04AD7997DF7 /* Pods */ = {
			isa = PBXGroup;
			children = (
				3B7D46351AC84CF481BAE034 /* Pods-SimplePFC.debug.xcconfig */,
				F2A974022B0986942692DE3D /* Pods-SimplePFC.release.xcconfig */,
			);
			name = Pods;
			path = Pods;
			sourceTree = "<group>";
		};
/* End PBXGroup section */

/* Begin PBXNativeTarget section */
		3C1589B02A3454520026470F /* SimplePFC */ = {
			isa = PBXNativeTarget;
			buildConfigurationList = 3C1589C52A3454540026470F /* Build configuration list for PBXNativeTarget "SimplePFC" */;
			buildPhases = (
				E9DCD1C0D3DA5FA8806F1781 /* [CP] Check Pods Manifest.lock */,
				3C1589AD2A3454520026470F /* Sources */,
				3C1589AE2A3454520026470F /* Frameworks */,
				3C1589AF2A3454520026470F /* Resources */,
				4726C8A2AF7F775FF593CD6C /* [CP] Embed Pods Frameworks */,
			);
			buildRules = (
			);
			dependencies = (
			);
			name = SimplePFC;
			productName = SimplePFC;
			productReference = 3C1589B12A3454520026470F /* SimplePFC.app */;
			productType = "com.apple.product-type.application";
		};
/* End PBXNativeTarget section */

/* Begin PBXProject section */
		3C1589A92A3454520026470F /* Project object */ = {
			isa = PBXProject;
			attributes = {
				BuildIndependentTargetsInParallel = 1;
				LastSwiftUpdateCheck = 1430;
				LastUpgradeCheck = 1430;
				TargetAttributes = {
					3C1589B02A3454520026470F = {
						CreatedOnToolsVersion = 14.3;
					};
				};
			};
			buildConfigurationList = 3C1589AC2A3454520026470F /* Build configuration list for PBXProject "SimplePFC" */;
			compatibilityVersion = "Xcode 14.0";
			developmentRegion = en;
			hasScannedForEncodings = 0;
			knownRegions = (
				en,
				Base,
			);
			mainGroup = 3C1589A82A3454520026470F;
			productRefGroup = 3C1589B22A3454520026470F /* Products */;
			projectDirPath = "";
			projectRoot = "";
			targets = (
				3C1589B02A3454520026470F /* SimplePFC */,
			);
		};
/* End PBXProject section */

/* Begin PBXResourcesBuildPhase section */
		3C1589AF2A3454520026470F /* Resources */ = {
			isa = PBXResourcesBuildPhase;
			buildActionMask = 2147483647;
			files = (
				3C3F02332A5AAECE00E61D82 /* ShowPFCView.xib in Resources */,
				3C1589C12A3454540026470F /* LaunchScreen.storyboard in Resources */,
				3C3F02372A5AE78700E61D82 /* MealTableViewCell.xib in Resources */,
				3CA235D42A3C948A00B0687E /* AddMeal.storyboard in Resources */,
				3C1589BE2A3454540026470F /* Assets.xcassets in Resources */,
				3C279BB52A599E2400044E7B /* Meals.storyboard in Resources */,
			);
			runOnlyForDeploymentPostprocessing = 0;
		};
/* End PBXResourcesBuildPhase section */

/* Begin PBXShellScriptBuildPhase section */
		4726C8A2AF7F775FF593CD6C /* [CP] Embed Pods Frameworks */ = {
			isa = PBXShellScriptBuildPhase;
			buildActionMask = 2147483647;
			files = (
			);
			inputFileListPaths = (
				"${PODS_ROOT}/Target Support Files/Pods-SimplePFC/Pods-SimplePFC-frameworks-${CONFIGURATION}-input-files.xcfilelist",
			);
			name = "[CP] Embed Pods Frameworks";
			outputFileListPaths = (
				"${PODS_ROOT}/Target Support Files/Pods-SimplePFC/Pods-SimplePFC-frameworks-${CONFIGURATION}-output-files.xcfilelist",
			);
			runOnlyForDeploymentPostprocessing = 0;
			shellPath = /bin/sh;
			shellScript = "\"${PODS_ROOT}/Target Support Files/Pods-SimplePFC/Pods-SimplePFC-frameworks.sh\"\n";
			showEnvVarsInLog = 0;
		};
		E9DCD1C0D3DA5FA8806F1781 /* [CP] Check Pods Manifest.lock */ = {
			isa = PBXShellScriptBuildPhase;
			buildActionMask = 2147483647;
			files = (
			);
			inputFileListPaths = (
			);
			inputPaths = (
				"${PODS_PODFILE_DIR_PATH}/Podfile.lock",
				"${PODS_ROOT}/Manifest.lock",
			);
			name = "[CP] Check Pods Manifest.lock";
			outputFileListPaths = (
			);
			outputPaths = (
				"$(DERIVED_FILE_DIR)/Pods-SimplePFC-checkManifestLockResult.txt",
			);
			runOnlyForDeploymentPostprocessing = 0;
			shellPath = /bin/sh;
			shellScript = "diff \"${PODS_PODFILE_DIR_PATH}/Podfile.lock\" \"${PODS_ROOT}/Manifest.lock\" > /dev/null\nif [ $? != 0 ] ; then\n    # print error to STDERR\n    echo \"error: The sandbox is not in sync with the Podfile.lock. Run 'pod install' or update your CocoaPods installation.\" >&2\n    exit 1\nfi\n# This output is used by Xcode 'outputs' to avoid re-running this script phase.\necho \"SUCCESS\" > \"${SCRIPT_OUTPUT_FILE_0}\"\n";
			showEnvVarsInLog = 0;
		};
/* End PBXShellScriptBuildPhase section */

/* Begin PBXSourcesBuildPhase section */
		3C1589AD2A3454520026470F /* Sources */ = {
			isa = PBXSourcesBuildPhase;
			buildActionMask = 2147483647;
			files = (
				3C279BB32A599E0C00044E7B /* MealsViewController.swift in Sources */,
				3CA348B12A59A58A00913208 /* AddMealViewController.swift in Sources */,
				3C9CB8832A5BE7AC002E7811 /* MealModel.swift in Sources */,
				3C3F02362A5AE78700E61D82 /* MealTableViewCell.swift in Sources */,
				3C1589B52A3454520026470F /* AppDelegate.swift in Sources */,
				3CA348BB2A5A7F3400913208 /* Router.swift in Sources */,
				3C9CB8852A5BF0E5002E7811 /* UITextField+.swift in Sources */,
				3C1589B72A3454520026470F /* SceneDelegate.swift in Sources */,
				3C3F02312A5AAEBE00E61D82 /* ShowPFCView.swift in Sources */,
			);
			runOnlyForDeploymentPostprocessing = 0;
		};
/* End PBXSourcesBuildPhase section */

/* Begin PBXVariantGroup section */
		3C1589BF2A3454540026470F /* LaunchScreen.storyboard */ = {
			isa = PBXVariantGroup;
			children = (
				3C1589C02A3454540026470F /* Base */,
			);
			name = LaunchScreen.storyboard;
			sourceTree = "<group>";
		};
/* End PBXVariantGroup section */

/* Begin XCBuildConfiguration section */
		3C1589C32A3454540026470F /* Debug */ = {
			isa = XCBuildConfiguration;
			buildSettings = {
				ALWAYS_SEARCH_USER_PATHS = NO;
				CLANG_ANALYZER_NONNULL = YES;
				CLANG_ANALYZER_NUMBER_OBJECT_CONVERSION = YES_AGGRESSIVE;
				CLANG_CXX_LANGUAGE_STANDARD = "gnu++20";
				CLANG_ENABLE_MODULES = YES;
				CLANG_ENABLE_OBJC_ARC = YES;
				CLANG_ENABLE_OBJC_WEAK = YES;
				CLANG_WARN_BLOCK_CAPTURE_AUTORELEASING = YES;
				CLANG_WARN_BOOL_CONVERSION = YES;
				CLANG_WARN_COMMA = YES;
				CLANG_WARN_CONSTANT_CONVERSION = YES;
				CLANG_WARN_DEPRECATED_OBJC_IMPLEMENTATIONS = YES;
				CLANG_WARN_DIRECT_OBJC_ISA_USAGE = YES_ERROR;
				CLANG_WARN_DOCUMENTATION_COMMENTS = YES;
				CLANG_WARN_EMPTY_BODY = YES;
				CLANG_WARN_ENUM_CONVERSION = YES;
				CLANG_WARN_INFINITE_RECURSION = YES;
				CLANG_WARN_INT_CONVERSION = YES;
				CLANG_WARN_NON_LITERAL_NULL_CONVERSION = YES;
				CLANG_WARN_OBJC_IMPLICIT_RETAIN_SELF = YES;
				CLANG_WARN_OBJC_LITERAL_CONVERSION = YES;
				CLANG_WARN_OBJC_ROOT_CLASS = YES_ERROR;
				CLANG_WARN_QUOTED_INCLUDE_IN_FRAMEWORK_HEADER = YES;
				CLANG_WARN_RANGE_LOOP_ANALYSIS = YES;
				CLANG_WARN_STRICT_PROTOTYPES = YES;
				CLANG_WARN_SUSPICIOUS_MOVE = YES;
				CLANG_WARN_UNGUARDED_AVAILABILITY = YES_AGGRESSIVE;
				CLANG_WARN_UNREACHABLE_CODE = YES;
				CLANG_WARN__DUPLICATE_METHOD_MATCH = YES;
				COPY_PHASE_STRIP = NO;
				DEBUG_INFORMATION_FORMAT = dwarf;
				ENABLE_STRICT_OBJC_MSGSEND = YES;
				ENABLE_TESTABILITY = YES;
				GCC_C_LANGUAGE_STANDARD = gnu11;
				GCC_DYNAMIC_NO_PIC = NO;
				GCC_NO_COMMON_BLOCKS = YES;
				GCC_OPTIMIZATION_LEVEL = 0;
				GCC_PREPROCESSOR_DEFINITIONS = (
					"DEBUG=1",
					"$(inherited)",
				);
				GCC_WARN_64_TO_32_BIT_CONVERSION = YES;
				GCC_WARN_ABOUT_RETURN_TYPE = YES_ERROR;
				GCC_WARN_UNDECLARED_SELECTOR = YES;
				GCC_WARN_UNINITIALIZED_AUTOS = YES_AGGRESSIVE;
				GCC_WARN_UNUSED_FUNCTION = YES;
				GCC_WARN_UNUSED_VARIABLE = YES;
				IPHONEOS_DEPLOYMENT_TARGET = 16.4;
				MTL_ENABLE_DEBUG_INFO = INCLUDE_SOURCE;
				MTL_FAST_MATH = YES;
				ONLY_ACTIVE_ARCH = YES;
				SDKROOT = iphoneos;
				SWIFT_ACTIVE_COMPILATION_CONDITIONS = DEBUG;
				SWIFT_OPTIMIZATION_LEVEL = "-Onone";
			};
			name = Debug;
		};
		3C1589C42A3454540026470F /* Release */ = {
			isa = XCBuildConfiguration;
			buildSettings = {
				ALWAYS_SEARCH_USER_PATHS = NO;
				CLANG_ANALYZER_NONNULL = YES;
				CLANG_ANALYZER_NUMBER_OBJECT_CONVERSION = YES_AGGRESSIVE;
				CLANG_CXX_LANGUAGE_STANDARD = "gnu++20";
				CLANG_ENABLE_MODULES = YES;
				CLANG_ENABLE_OBJC_ARC = YES;
				CLANG_ENABLE_OBJC_WEAK = YES;
				CLANG_WARN_BLOCK_CAPTURE_AUTORELEASING = YES;
				CLANG_WARN_BOOL_CONVERSION = YES;
				CLANG_WARN_COMMA = YES;
				CLANG_WARN_CONSTANT_CONVERSION = YES;
				CLANG_WARN_DEPRECATED_OBJC_IMPLEMENTATIONS = YES;
				CLANG_WARN_DIRECT_OBJC_ISA_USAGE = YES_ERROR;
				CLANG_WARN_DOCUMENTATION_COMMENTS = YES;
				CLANG_WARN_EMPTY_BODY = YES;
				CLANG_WARN_ENUM_CONVERSION = YES;
				CLANG_WARN_INFINITE_RECURSION = YES;
				CLANG_WARN_INT_CONVERSION = YES;
				CLANG_WARN_NON_LITERAL_NULL_CONVERSION = YES;
				CLANG_WARN_OBJC_IMPLICIT_RETAIN_SELF = YES;
				CLANG_WARN_OBJC_LITERAL_CONVERSION = YES;
				CLANG_WARN_OBJC_ROOT_CLASS = YES_ERROR;
				CLANG_WARN_QUOTED_INCLUDE_IN_FRAMEWORK_HEADER = YES;
				CLANG_WARN_RANGE_LOOP_ANALYSIS = YES;
				CLANG_WARN_STRICT_PROTOTYPES = YES;
				CLANG_WARN_SUSPICIOUS_MOVE = YES;
				CLANG_WARN_UNGUARDED_AVAILABILITY = YES_AGGRESSIVE;
				CLANG_WARN_UNREACHABLE_CODE = YES;
				CLANG_WARN__DUPLICATE_METHOD_MATCH = YES;
				COPY_PHASE_STRIP = NO;
				DEBUG_INFORMATION_FORMAT = "dwarf-with-dsym";
				ENABLE_NS_ASSERTIONS = NO;
				ENABLE_STRICT_OBJC_MSGSEND = YES;
				GCC_C_LANGUAGE_STANDARD = gnu11;
				GCC_NO_COMMON_BLOCKS = YES;
				GCC_WARN_64_TO_32_BIT_CONVERSION = YES;
				GCC_WARN_ABOUT_RETURN_TYPE = YES_ERROR;
				GCC_WARN_UNDECLARED_SELECTOR = YES;
				GCC_WARN_UNINITIALIZED_AUTOS = YES_AGGRESSIVE;
				GCC_WARN_UNUSED_FUNCTION = YES;
				GCC_WARN_UNUSED_VARIABLE = YES;
				IPHONEOS_DEPLOYMENT_TARGET = 16.4;
				MTL_ENABLE_DEBUG_INFO = NO;
				MTL_FAST_MATH = YES;
				SDKROOT = iphoneos;
				SWIFT_COMPILATION_MODE = wholemodule;
				SWIFT_OPTIMIZATION_LEVEL = "-O";
				VALIDATE_PRODUCT = YES;
			};
			name = Release;
		};
		3C1589C62A3454540026470F /* Debug */ = {
			isa = XCBuildConfiguration;
			baseConfigurationReference = 3B7D46351AC84CF481BAE034 /* Pods-SimplePFC.debug.xcconfig */;
			buildSettings = {
				ASSETCATALOG_COMPILER_APPICON_NAME = AppIcon;
				ASSETCATALOG_COMPILER_GLOBAL_ACCENT_COLOR_NAME = AccentColor;
				CODE_SIGN_STYLE = Automatic;
				CURRENT_PROJECT_VERSION = 1;
				DEVELOPMENT_TEAM = 37T84K32SG;
				GENERATE_INFOPLIST_FILE = YES;
				INFOPLIST_FILE = SimplePFC/Info.plist;
				INFOPLIST_KEY_UIApplicationSupportsIndirectInputEvents = YES;
				INFOPLIST_KEY_UILaunchStoryboardName = LaunchScreen;
				INFOPLIST_KEY_UISupportedInterfaceOrientations_iPad = "UIInterfaceOrientationPortrait UIInterfaceOrientationPortraitUpsideDown UIInterfaceOrientationLandscapeLeft UIInterfaceOrientationLandscapeRight";
				INFOPLIST_KEY_UISupportedInterfaceOrientations_iPhone = "UIInterfaceOrientationPortrait UIInterfaceOrientationLandscapeLeft UIInterfaceOrientationLandscapeRight";
				LD_RUNPATH_SEARCH_PATHS = (
					"$(inherited)",
					"@executable_path/Frameworks",
				);
				MARKETING_VERSION = 1.0;
				PRODUCT_BUNDLE_IDENTIFIER = com.rariatto.SimplePFC;
				PRODUCT_NAME = "$(TARGET_NAME)";
				SWIFT_EMIT_LOC_STRINGS = YES;
				SWIFT_VERSION = 5.0;
				TARGETED_DEVICE_FAMILY = "1,2";
			};
			name = Debug;
		};
		3C1589C72A3454540026470F /* Release */ = {
			isa = XCBuildConfiguration;
			baseConfigurationReference = F2A974022B0986942692DE3D /* Pods-SimplePFC.release.xcconfig */;
			buildSettings = {
				ASSETCATALOG_COMPILER_APPICON_NAME = AppIcon;
				ASSETCATALOG_COMPILER_GLOBAL_ACCENT_COLOR_NAME = AccentColor;
				CODE_SIGN_STYLE = Automatic;
				CURRENT_PROJECT_VERSION = 1;
				DEVELOPMENT_TEAM = 37T84K32SG;
				GENERATE_INFOPLIST_FILE = YES;
				INFOPLIST_FILE = SimplePFC/Info.plist;
				INFOPLIST_KEY_UIApplicationSupportsIndirectInputEvents = YES;
				INFOPLIST_KEY_UILaunchStoryboardName = LaunchScreen;
				INFOPLIST_KEY_UISupportedInterfaceOrientations_iPad = "UIInterfaceOrientationPortrait UIInterfaceOrientationPortraitUpsideDown UIInterfaceOrientationLandscapeLeft UIInterfaceOrientationLandscapeRight";
				INFOPLIST_KEY_UISupportedInterfaceOrientations_iPhone = "UIInterfaceOrientationPortrait UIInterfaceOrientationLandscapeLeft UIInterfaceOrientationLandscapeRight";
				LD_RUNPATH_SEARCH_PATHS = (
					"$(inherited)",
					"@executable_path/Frameworks",
				);
				MARKETING_VERSION = 1.0;
				PRODUCT_BUNDLE_IDENTIFIER = com.rariatto.SimplePFC;
				PRODUCT_NAME = "$(TARGET_NAME)";
				SWIFT_EMIT_LOC_STRINGS = YES;
				SWIFT_VERSION = 5.0;
				TARGETED_DEVICE_FAMILY = "1,2";
			};
			name = Release;
		};
/* End XCBuildConfiguration section */

/* Begin XCConfigurationList section */
		3C1589AC2A3454520026470F /* Build configuration list for PBXProject "SimplePFC" */ = {
			isa = XCConfigurationList;
			buildConfigurations = (
				3C1589C32A3454540026470F /* Debug */,
				3C1589C42A3454540026470F /* Release */,
			);
			defaultConfigurationIsVisible = 0;
			defaultConfigurationName = Release;
		};
		3C1589C52A3454540026470F /* Build configuration list for PBXNativeTarget "SimplePFC" */ = {
			isa = XCConfigurationList;
			buildConfigurations = (
				3C1589C62A3454540026470F /* Debug */,
				3C1589C72A3454540026470F /* Release */,
			);
			defaultConfigurationIsVisible = 0;
			defaultConfigurationName = Release;
		};
/* End XCConfigurationList section */
	};
	rootObject = 3C1589A92A3454520026470F /* Project object */;
}
